{
  "name": "rss-lambda",
  "version": "0.0.1",
  "description": "Simple Python RSS monitoring using AWS lambda",
  "main": "",
  "scripts": {
    "test": "echo \"Error: no test specified\" && exit 1"
  },
  "keywords": [],
  "author": "tripleee",
  "license": "MIT",
  "dependencies": {
    "aws-cdk": "^1.134.0"
  }
}
